
Microsoft Visual Studio Solution File, Format Version 12.00
# Visual Studio Version 16
VisualStudioVersion = 16.0.30711.63
MinimumVisualStudioVersion = 10.0.40219.1
Project("{FAE04EC0-301F-11D3-BF4B-00C04F79EFBC}") = "RobotArm_GUI", "RobotArm_GUI\RobotArm_GUI.csproj", "{909755C6-F591-4F56-ACC6-37B057536362}"
EndProject
Global
	GlobalSection(SolutionConfigurationPlatforms) = preSolution
		Debug|Any CPU = Debug|Any CPU
		Release|Any CPU = Release|Any CPU
	EndGlobalSection
	GlobalSection(ProjectConfigurationPlatforms) = postSolution
		{909755C6-F591-4F56-ACC6-37B057536362}.Debug|Any CPU.ActiveCfg = Debug|Any CPU
		{909755C6-F591-4F56-ACC6-37B057536362}.Debug|Any CPU.Build.0 = Debug|Any CPU
		{909755C6-F591-4F56-ACC6-37B057536362}.Release|Any CPU.ActiveCfg = Release|Any CPU
		{909755C6-F591-4F56-ACC6-37B057536362}.Release|Any CPU.Build.0 = Release|Any CPU
	EndGlobalSection
	GlobalSection(SolutionProperties) = preSolution
		HideSolutionNode = FALSE
	EndGlobalSection
	GlobalSection(ExtensibilityGlobals) = postSolution
		SolutionGuid = {8DA3AC08-F056-493A-857F-0C5EF24F2DBE}
	EndGlobalSection
EndGlobal
